// !$*UTF8*$!
{
	archiveVersion = 1;
	classes = {
	};
	objectVersion = 51;
	objects = {

/* Begin PBXBuildFile section */
		2076DF9C8187502575A961EF /* Pods_Podcast_Player.framework in Frameworks */ = {isa = PBXBuildFile; fileRef = 61A4C6A64C05144FC219DED3 /* Pods_Podcast_Player.framework */; };
		4DBE70D32621D2CD001C0D47 /* ViewController.swift in Sources */ = {isa = PBXBuildFile; fileRef = 4DBE70D22621D2CD001C0D47 /* ViewController.swift */; };
		4DBE70D82621D76F001C0D47 /* ShowsTableViewCell.swift in Sources */ = {isa = PBXBuildFile; fileRef = 4DBE70D72621D76F001C0D47 /* ShowsTableViewCell.swift */; };
		4DFB23BE2620C6DE00D0A5B5 /* AppDelegate.swift in Sources */ = {isa = PBXBuildFile; fileRef = 4DFB23BD2620C6DE00D0A5B5 /* AppDelegate.swift */; };
		4DFB23C02620C6DE00D0A5B5 /* SceneDelegate.swift in Sources */ = {isa = PBXBuildFile; fileRef = 4DFB23BF2620C6DE00D0A5B5 /* SceneDelegate.swift */; };
		4DFB23C52620C6DE00D0A5B5 /* Main.storyboard in Resources */ = {isa = PBXBuildFile; fileRef = 4DFB23C32620C6DE00D0A5B5 /* Main.storyboard */; };
		4DFB23C72620C6E500D0A5B5 /* Assets.xcassets in Resources */ = {isa = PBXBuildFile; fileRef = 4DFB23C62620C6E500D0A5B5 /* Assets.xcassets */; };
		4DFB23CA2620C6E500D0A5B5 /* LaunchScreen.storyboard in Resources */ = {isa = PBXBuildFile; fileRef = 4DFB23C82620C6E500D0A5B5 /* LaunchScreen.storyboard */; };
		4DFB23DC26210C6700D0A5B5 /* Show.swift in Sources */ = {isa = PBXBuildFile; fileRef = 4DFB23DB26210C6600D0A5B5 /* Show.swift */; };
		4DFB23E226210E8500D0A5B5 /* Episode.swift in Sources */ = {isa = PBXBuildFile; fileRef = 4DFB23E126210E8500D0A5B5 /* Episode.swift */; };
		D93F8174262B4855002F96F7 /* GoogleService-Info.plist in Resources */ = {isa = PBXBuildFile; fileRef = D93F8173262B4855002F96F7 /* GoogleService-Info.plist */; };
		D95D5AFC262F1A8E004FB92C /* SignInViewController.swift in Sources */ = {isa = PBXBuildFile; fileRef = D95D5AFB262F1A8E004FB92C /* SignInViewController.swift */; };
		D985B14E262256D300CF447C /* FM.swift in Sources */ = {isa = PBXBuildFile; fileRef = D985B14D262256D300CF447C /* FM.swift */; };
		D9F32CED2621E62200AED613 /* RssFeedParser.swift in Sources */ = {isa = PBXBuildFile; fileRef = D9F32CEC2621E62200AED613 /* RssFeedParser.swift */; };
		D9F32CF82621F81E00AED613 /* EpisodesViewController.swift in Sources */ = {isa = PBXBuildFile; fileRef = D9F32CF72621F81E00AED613 /* EpisodesViewController.swift */; };
		D9F32CFB2621F89F00AED613 /* EpisodesTableViewCell.swift in Sources */ = {isa = PBXBuildFile; fileRef = D9F32CFA2621F89F00AED613 /* EpisodesTableViewCell.swift */; };
		D9F32CFF262200EA00AED613 /* AudioPlayerViewController.swift in Sources */ = {isa = PBXBuildFile; fileRef = D9F32CFE262200EA00AED613 /* AudioPlayerViewController.swift */; };
		D9F5EA0E2631D3DF00566CD2 /* User.swift in Sources */ = {isa = PBXBuildFile; fileRef = D9F5EA0D2631D3DF00566CD2 /* User.swift */; };
/* End PBXBuildFile section */

/* Begin PBXFileReference section */
		14B91195ADE2F87C507D9A11 /* Pods-Podcast-Player.release.xcconfig */ = {isa = PBXFileReference; includeInIndex = 1; lastKnownFileType = text.xcconfig; name = "Pods-Podcast-Player.release.xcconfig"; path = "Target Support Files/Pods-Podcast-Player/Pods-Podcast-Player.release.xcconfig"; sourceTree = "<group>"; };
		4DBE70D22621D2CD001C0D47 /* ViewController.swift */ = {isa = PBXFileReference; lastKnownFileType = sourcecode.swift; path = ViewController.swift; sourceTree = "<group>"; };
		4DBE70D72621D76F001C0D47 /* ShowsTableViewCell.swift */ = {isa = PBXFileReference; lastKnownFileType = sourcecode.swift; path = ShowsTableViewCell.swift; sourceTree = "<group>"; };
		4DFB23BA2620C6DE00D0A5B5 /* Podcast-Player.app */ = {isa = PBXFileReference; explicitFileType = wrapper.application; includeInIndex = 0; path = "Podcast-Player.app"; sourceTree = BUILT_PRODUCTS_DIR; };
		4DFB23BD2620C6DE00D0A5B5 /* AppDelegate.swift */ = {isa = PBXFileReference; lastKnownFileType = sourcecode.swift; path = AppDelegate.swift; sourceTree = "<group>"; };
		4DFB23BF2620C6DE00D0A5B5 /* SceneDelegate.swift */ = {isa = PBXFileReference; lastKnownFileType = sourcecode.swift; path = SceneDelegate.swift; sourceTree = "<group>"; };
		4DFB23C42620C6DE00D0A5B5 /* Base */ = {isa = PBXFileReference; lastKnownFileType = file.storyboard; name = Base; path = Base.lproj/Main.storyboard; sourceTree = "<group>"; };
		4DFB23C62620C6E500D0A5B5 /* Assets.xcassets */ = {isa = PBXFileReference; lastKnownFileType = folder.assetcatalog; path = Assets.xcassets; sourceTree = "<group>"; };
		4DFB23C92620C6E500D0A5B5 /* Base */ = {isa = PBXFileReference; lastKnownFileType = file.storyboard; name = Base; path = Base.lproj/LaunchScreen.storyboard; sourceTree = "<group>"; };
		4DFB23CB2620C6E500D0A5B5 /* Info.plist */ = {isa = PBXFileReference; lastKnownFileType = text.plist.xml; path = Info.plist; sourceTree = "<group>"; };
		4DFB23DB26210C6600D0A5B5 /* Show.swift */ = {isa = PBXFileReference; lastKnownFileType = sourcecode.swift; path = Show.swift; sourceTree = "<group>"; };
		4DFB23E126210E8500D0A5B5 /* Episode.swift */ = {isa = PBXFileReference; lastKnownFileType = sourcecode.swift; path = Episode.swift; sourceTree = "<group>"; };
		61A4C6A64C05144FC219DED3 /* Pods_Podcast_Player.framework */ = {isa = PBXFileReference; explicitFileType = wrapper.framework; includeInIndex = 0; path = Pods_Podcast_Player.framework; sourceTree = BUILT_PRODUCTS_DIR; };
		CE6E228D79171408A9678A90 /* Pods-Podcast-Player.debug.xcconfig */ = {isa = PBXFileReference; includeInIndex = 1; lastKnownFileType = text.xcconfig; name = "Pods-Podcast-Player.debug.xcconfig"; path = "Target Support Files/Pods-Podcast-Player/Pods-Podcast-Player.debug.xcconfig"; sourceTree = "<group>"; };
		D93F8173262B4855002F96F7 /* GoogleService-Info.plist */ = {isa = PBXFileReference; lastKnownFileType = text.plist; path = "GoogleService-Info.plist"; sourceTree = SOURCE_ROOT; };
		D95D5AFB262F1A8E004FB92C /* SignInViewController.swift */ = {isa = PBXFileReference; lastKnownFileType = sourcecode.swift; path = SignInViewController.swift; sourceTree = "<group>"; };
		D985B14D262256D300CF447C /* FM.swift */ = {isa = PBXFileReference; lastKnownFileType = sourcecode.swift; path = FM.swift; sourceTree = "<group>"; };
		D9F32CEC2621E62200AED613 /* RssFeedParser.swift */ = {isa = PBXFileReference; lastKnownFileType = sourcecode.swift; path = RssFeedParser.swift; sourceTree = "<group>"; };
		D9F32CF72621F81E00AED613 /* EpisodesViewController.swift */ = {isa = PBXFileReference; lastKnownFileType = sourcecode.swift; path = EpisodesViewController.swift; sourceTree = "<group>"; };
		D9F32CFA2621F89F00AED613 /* EpisodesTableViewCell.swift */ = {isa = PBXFileReference; lastKnownFileType = sourcecode.swift; path = EpisodesTableViewCell.swift; sourceTree = "<group>"; };
		D9F32CFE262200EA00AED613 /* AudioPlayerViewController.swift */ = {isa = PBXFileReference; lastKnownFileType = sourcecode.swift; path = AudioPlayerViewController.swift; sourceTree = "<group>"; };
		D9F5EA0D2631D3DF00566CD2 /* User.swift */ = {isa = PBXFileReference; lastKnownFileType = sourcecode.swift; path = User.swift; sourceTree = "<group>"; };
/* End PBXFileReference section */

/* Begin PBXFrameworksBuildPhase section */
		4DFB23B72620C6DE00D0A5B5 /* Frameworks */ = {
			isa = PBXFrameworksBuildPhase;
			buildActionMask = 2147483647;
			files = (
				2076DF9C8187502575A961EF /* Pods_Podcast_Player.framework in Frameworks */,
			);
			runOnlyForDeploymentPostprocessing = 0;
		};
/* End PBXFrameworksBuildPhase section */

/* Begin PBXGroup section */
		4DFB23B12620C6DE00D0A5B5 = {
			isa = PBXGroup;
			children = (
				4DFB23BC2620C6DE00D0A5B5 /* Podcast-Player */,
				4DFB23BB2620C6DE00D0A5B5 /* Products */,
				5EE54DB30164E0A716A878F1 /* Pods */,
				8F694EFF87BC41AE0C363283 /* Frameworks */,
			);
			sourceTree = "<group>";
		};
		4DFB23BB2620C6DE00D0A5B5 /* Products */ = {
			isa = PBXGroup;
			children = (
				4DFB23BA2620C6DE00D0A5B5 /* Podcast-Player.app */,
			);
			name = Products;
			sourceTree = "<group>";
		};
		4DFB23BC2620C6DE00D0A5B5 /* Podcast-Player */ = {
			isa = PBXGroup;
			children = (
				D95D5AFA262F19F5004FB92C /* SignInView */,
				D93F8173262B4855002F96F7 /* GoogleService-Info.plist */,
				D9F32CFD262200CE00AED613 /* AudioPlayer */,
				D9F32CF52621F7DD00AED613 /* Classes */,
				D9F32CF42621F7CD00AED613 /* ShowsView */,
				D9F32CF32621F7C100AED613 /* EpisodeView */,
				4DFB23BD2620C6DE00D0A5B5 /* AppDelegate.swift */,
				4DFB23BF2620C6DE00D0A5B5 /* SceneDelegate.swift */,
				4DFB23C32620C6DE00D0A5B5 /* Main.storyboard */,
				4DFB23C62620C6E500D0A5B5 /* Assets.xcassets */,
				4DFB23C82620C6E500D0A5B5 /* LaunchScreen.storyboard */,
				4DFB23CB2620C6E500D0A5B5 /* Info.plist */,
			);
			path = "Podcast-Player";
			sourceTree = "<group>";
		};
		5EE54DB30164E0A716A878F1 /* Pods */ = {
			isa = PBXGroup;
			children = (
				CE6E228D79171408A9678A90 /* Pods-Podcast-Player.debug.xcconfig */,
				14B91195ADE2F87C507D9A11 /* Pods-Podcast-Player.release.xcconfig */,
			);
			path = Pods;
			sourceTree = "<group>";
		};
		8F694EFF87BC41AE0C363283 /* Frameworks */ = {
			isa = PBXGroup;
			children = (
				61A4C6A64C05144FC219DED3 /* Pods_Podcast_Player.framework */,
			);
			name = Frameworks;
			sourceTree = "<group>";
		};
		D95D5AFA262F19F5004FB92C /* SignInView */ = {
			isa = PBXGroup;
			children = (
				D95D5AFB262F1A8E004FB92C /* SignInViewController.swift */,
			);
			path = SignInView;
			sourceTree = "<group>";
		};
		D9F32CF32621F7C100AED613 /* EpisodeView */ = {
			isa = PBXGroup;
			children = (
				D9F32CF72621F81E00AED613 /* EpisodesViewController.swift */,
				D9F32CFA2621F89F00AED613 /* EpisodesTableViewCell.swift */,
			);
			path = EpisodeView;
			sourceTree = "<group>";
		};
		D9F32CF42621F7CD00AED613 /* ShowsView */ = {
			isa = PBXGroup;
			children = (
				4DBE70D72621D76F001C0D47 /* ShowsTableViewCell.swift */,
				4DBE70D22621D2CD001C0D47 /* ViewController.swift */,
			);
			path = ShowsView;
			sourceTree = "<group>";
		};
		D9F32CF52621F7DD00AED613 /* Classes */ = {
			isa = PBXGroup;
			children = (
				4DFB23DB26210C6600D0A5B5 /* Show.swift */,
				4DFB23E126210E8500D0A5B5 /* Episode.swift */,
				D9F32CEC2621E62200AED613 /* RssFeedParser.swift */,
				D985B14D262256D300CF447C /* FM.swift */,
				D9F5EA0D2631D3DF00566CD2 /* User.swift */,
			);
			path = Classes;
			sourceTree = "<group>";
		};
		D9F32CFD262200CE00AED613 /* AudioPlayer */ = {
			isa = PBXGroup;
			children = (
				D9F32CFE262200EA00AED613 /* AudioPlayerViewController.swift */,
			);
			path = AudioPlayer;
			sourceTree = "<group>";
		};
/* End PBXGroup section */

/* Begin PBXNativeTarget section */
		4DFB23B92620C6DE00D0A5B5 /* Podcast-Player */ = {
			isa = PBXNativeTarget;
			buildConfigurationList = 4DFB23CE2620C6E500D0A5B5 /* Build configuration list for PBXNativeTarget "Podcast-Player" */;
			buildPhases = (
				BB497BB2BADACBDB475B5351 /* [CP] Check Pods Manifest.lock */,
				4DFB23B62620C6DE00D0A5B5 /* Sources */,
				4DFB23B72620C6DE00D0A5B5 /* Frameworks */,
				4DFB23B82620C6DE00D0A5B5 /* Resources */,
				0D4694ECD924AF51125000EA /* [CP] Embed Pods Frameworks */,
				8FF02C8D0DDD715A355E72E9 /* [CP] Copy Pods Resources */,
			);
			buildRules = (
			);
			dependencies = (
			);
			name = "Podcast-Player";
			productName = "Podcast-Player";
			productReference = 4DFB23BA2620C6DE00D0A5B5 /* Podcast-Player.app */;
			productType = "com.apple.product-type.application";
		};
/* End PBXNativeTarget section */

/* Begin PBXProject section */
		4DFB23B22620C6DE00D0A5B5 /* Project object */ = {
			isa = PBXProject;
			attributes = {
				LastSwiftUpdateCheck = 1240;
				LastUpgradeCheck = 1240;
				TargetAttributes = {
					4DFB23B92620C6DE00D0A5B5 = {
						CreatedOnToolsVersion = 12.4;
					};
				};
			};
			buildConfigurationList = 4DFB23B52620C6DE00D0A5B5 /* Build configuration list for PBXProject "Podcast-Player" */;
			compatibilityVersion = "Xcode 9.3";
			developmentRegion = en;
			hasScannedForEncodings = 0;
			knownRegions = (
				en,
				Base,
			);
			mainGroup = 4DFB23B12620C6DE00D0A5B5;
			productRefGroup = 4DFB23BB2620C6DE00D0A5B5 /* Products */;
			projectDirPath = "";
			projectRoot = "";
			targets = (
				4DFB23B92620C6DE00D0A5B5 /* Podcast-Player */,
			);
		};
/* End PBXProject section */

/* Begin PBXResourcesBuildPhase section */
		4DFB23B82620C6DE00D0A5B5 /* Resources */ = {
			isa = PBXResourcesBuildPhase;
			buildActionMask = 2147483647;
			files = (
				4DFB23CA2620C6E500D0A5B5 /* LaunchScreen.storyboard in Resources */,
				D93F8174262B4855002F96F7 /* GoogleService-Info.plist in Resources */,
				4DFB23C72620C6E500D0A5B5 /* Assets.xcassets in Resources */,
				4DFB23C52620C6DE00D0A5B5 /* Main.storyboard in Resources */,
			);
			runOnlyForDeploymentPostprocessing = 0;
		};
/* End PBXResourcesBuildPhase section */

/* Begin PBXShellScriptBuildPhase section */
		0D4694ECD924AF51125000EA /* [CP] Embed Pods Frameworks */ = {
			isa = PBXShellScriptBuildPhase;
			buildActionMask = 2147483647;
			files = (
			);
			inputFileListPaths = (
				"${PODS_ROOT}/Target Support Files/Pods-Podcast-Player/Pods-Podcast-Player-frameworks-${CONFIGURATION}-input-files.xcfilelist",
			);
			name = "[CP] Embed Pods Frameworks";
			outputFileListPaths = (
				"${PODS_ROOT}/Target Support Files/Pods-Podcast-Player/Pods-Podcast-Player-frameworks-${CONFIGURATION}-output-files.xcfilelist",
			);
			runOnlyForDeploymentPostprocessing = 0;
			shellPath = /bin/sh;
			shellScript = "\"${PODS_ROOT}/Target Support Files/Pods-Podcast-Player/Pods-Podcast-Player-frameworks.sh\"\n";
			showEnvVarsInLog = 0;
		};
		8FF02C8D0DDD715A355E72E9 /* [CP] Copy Pods Resources */ = {
			isa = PBXShellScriptBuildPhase;
			buildActionMask = 2147483647;
			files = (
			);
			inputFileListPaths = (
				"${PODS_ROOT}/Target Support Files/Pods-Podcast-Player/Pods-Podcast-Player-resources-${CONFIGURATION}-input-files.xcfilelist",
			);
			name = "[CP] Copy Pods Resources";
			outputFileListPaths = (
				"${PODS_ROOT}/Target Support Files/Pods-Podcast-Player/Pods-Podcast-Player-resources-${CONFIGURATION}-output-files.xcfilelist",
			);
			runOnlyForDeploymentPostprocessing = 0;
			shellPath = /bin/sh;
			shellScript = "\"${PODS_ROOT}/Target Support Files/Pods-Podcast-Player/Pods-Podcast-Player-resources.sh\"\n";
			showEnvVarsInLog = 0;
		};
		BB497BB2BADACBDB475B5351 /* [CP] Check Pods Manifest.lock */ = {
			isa = PBXShellScriptBuildPhase;
			buildActionMask = 2147483647;
			files = (
			);
			inputFileListPaths = (
			);
			inputPaths = (
				"${PODS_PODFILE_DIR_PATH}/Podfile.lock",
				"${PODS_ROOT}/Manifest.lock",
			);
			name = "[CP] Check Pods Manifest.lock";
			outputFileListPaths = (
			);
			outputPaths = (
				"$(DERIVED_FILE_DIR)/Pods-Podcast-Player-checkManifestLockResult.txt",
			);
			runOnlyForDeploymentPostprocessing = 0;
			shellPath = /bin/sh;
			shellScript = "diff \"${PODS_PODFILE_DIR_PATH}/Podfile.lock\" \"${PODS_ROOT}/Manifest.lock\" > /dev/null\nif [ $? != 0 ] ; then\n    # print error to STDERR\n    echo \"error: The sandbox is not in sync with the Podfile.lock. Run 'pod install' or update your CocoaPods installation.\" >&2\n    exit 1\nfi\n# This output is used by Xcode 'outputs' to avoid re-running this script phase.\necho \"SUCCESS\" > \"${SCRIPT_OUTPUT_FILE_0}\"\n";
			showEnvVarsInLog = 0;
		};
/* End PBXShellScriptBuildPhase section */

/* Begin PBXSourcesBuildPhase section */
		4DFB23B62620C6DE00D0A5B5 /* Sources */ = {
			isa = PBXSourcesBuildPhase;
			buildActionMask = 2147483647;
			files = (
				D9F5EA0E2631D3DF00566CD2 /* User.swift in Sources */,
				4DBE70D32621D2CD001C0D47 /* ViewController.swift in Sources */,
				4DFB23BE2620C6DE00D0A5B5 /* AppDelegate.swift in Sources */,
				D9F32CFF262200EA00AED613 /* AudioPlayerViewController.swift in Sources */,
				D9F32CF82621F81E00AED613 /* EpisodesViewController.swift in Sources */,
				4DBE70D82621D76F001C0D47 /* ShowsTableViewCell.swift in Sources */,
				4DFB23DC26210C6700D0A5B5 /* Show.swift in Sources */,
				4DFB23E226210E8500D0A5B5 /* Episode.swift in Sources */,
				D985B14E262256D300CF447C /* FM.swift in Sources */,
				D95D5AFC262F1A8E004FB92C /* SignInViewController.swift in Sources */,
				D9F32CED2621E62200AED613 /* RssFeedParser.swift in Sources */,
				D9F32CFB2621F89F00AED613 /* EpisodesTableViewCell.swift in Sources */,
				4DFB23C02620C6DE00D0A5B5 /* SceneDelegate.swift in Sources */,
			);
			runOnlyForDeploymentPostprocessing = 0;
		};
/* End PBXSourcesBuildPhase section */

/* Begin PBXVariantGroup section */
		4DFB23C32620C6DE00D0A5B5 /* Main.storyboard */ = {
			isa = PBXVariantGroup;
			children = (
				4DFB23C42620C6DE00D0A5B5 /* Base */,
			);
			name = Main.storyboard;
			sourceTree = "<group>";
		};
		4DFB23C82620C6E500D0A5B5 /* LaunchScreen.storyboard */ = {
			isa = PBXVariantGroup;
			children = (
				4DFB23C92620C6E500D0A5B5 /* Base */,
			);
			name = LaunchScreen.storyboard;
			sourceTree = "<group>";
		};
/* End PBXVariantGroup section */

/* Begin XCBuildConfiguration section */
		4DFB23CC2620C6E500D0A5B5 /* Debug */ = {
			isa = XCBuildConfiguration;
			buildSettings = {
				ALWAYS_SEARCH_USER_PATHS = NO;
				CLANG_ANALYZER_NONNULL = YES;
				CLANG_ANALYZER_NUMBER_OBJECT_CONVERSION = YES_AGGRESSIVE;
				CLANG_CXX_LANGUAGE_STANDARD = "gnu++14";
				CLANG_CXX_LIBRARY = "libc++";
				CLANG_ENABLE_MODULES = YES;
				CLANG_ENABLE_OBJC_ARC = YES;
				CLANG_ENABLE_OBJC_WEAK = YES;
				CLANG_WARN_BLOCK_CAPTURE_AUTORELEASING = YES;
				CLANG_WARN_BOOL_CONVERSION = YES;
				CLANG_WARN_COMMA = YES;
				CLANG_WARN_CONSTANT_CONVERSION = YES;
				CLANG_WARN_DEPRECATED_OBJC_IMPLEMENTATIONS = YES;
				CLANG_WARN_DIRECT_OBJC_ISA_USAGE = YES_ERROR;
				CLANG_WARN_DOCUMENTATION_COMMENTS = YES;
				CLANG_WARN_EMPTY_BODY = YES;
				CLANG_WARN_ENUM_CONVERSION = YES;
				CLANG_WARN_INFINITE_RECURSION = YES;
				CLANG_WARN_INT_CONVERSION = YES;
				CLANG_WARN_NON_LITERAL_NULL_CONVERSION = YES;
				CLANG_WARN_OBJC_IMPLICIT_RETAIN_SELF = YES;
				CLANG_WARN_OBJC_LITERAL_CONVERSION = YES;
				CLANG_WARN_OBJC_ROOT_CLASS = YES_ERROR;
				CLANG_WARN_QUOTED_INCLUDE_IN_FRAMEWORK_HEADER = YES;
				CLANG_WARN_RANGE_LOOP_ANALYSIS = YES;
				CLANG_WARN_STRICT_PROTOTYPES = YES;
				CLANG_WARN_SUSPICIOUS_MOVE = YES;
				CLANG_WARN_UNGUARDED_AVAILABILITY = YES_AGGRESSIVE;
				CLANG_WARN_UNREACHABLE_CODE = YES;
				CLANG_WARN__DUPLICATE_METHOD_MATCH = YES;
				COPY_PHASE_STRIP = NO;
				DEBUG_INFORMATION_FORMAT = dwarf;
				ENABLE_STRICT_OBJC_MSGSEND = YES;
				ENABLE_TESTABILITY = YES;
				GCC_C_LANGUAGE_STANDARD = gnu11;
				GCC_DYNAMIC_NO_PIC = NO;
				GCC_NO_COMMON_BLOCKS = YES;
				GCC_OPTIMIZATION_LEVEL = 0;
				GCC_PREPROCESSOR_DEFINITIONS = (
					"DEBUG=1",
					"$(inherited)",
				);
				GCC_WARN_64_TO_32_BIT_CONVERSION = YES;
				GCC_WARN_ABOUT_RETURN_TYPE = YES_ERROR;
				GCC_WARN_UNDECLARED_SELECTOR = YES;
				GCC_WARN_UNINITIALIZED_AUTOS = YES_AGGRESSIVE;
				GCC_WARN_UNUSED_FUNCTION = YES;
				GCC_WARN_UNUSED_VARIABLE = YES;
				IPHONEOS_DEPLOYMENT_TARGET = 14.4;
				MTL_ENABLE_DEBUG_INFO = INCLUDE_SOURCE;
				MTL_FAST_MATH = YES;
				ONLY_ACTIVE_ARCH = YES;
				SDKROOT = iphoneos;
				SWIFT_ACTIVE_COMPILATION_CONDITIONS = DEBUG;
				SWIFT_OPTIMIZATION_LEVEL = "-Onone";
			};
			name = Debug;
		};
		4DFB23CD2620C6E500D0A5B5 /* Release */ = {
			isa = XCBuildConfiguration;
			buildSettings = {
				ALWAYS_SEARCH_USER_PATHS = NO;
				CLANG_ANALYZER_NONNULL = YES;
				CLANG_ANALYZER_NUMBER_OBJECT_CONVERSION = YES_AGGRESSIVE;
				CLANG_CXX_LANGUAGE_STANDARD = "gnu++14";
				CLANG_CXX_LIBRARY = "libc++";
				CLANG_ENABLE_MODULES = YES;
				CLANG_ENABLE_OBJC_ARC = YES;
				CLANG_ENABLE_OBJC_WEAK = YES;
				CLANG_WARN_BLOCK_CAPTURE_AUTORELEASING = YES;
				CLANG_WARN_BOOL_CONVERSION = YES;
				CLANG_WARN_COMMA = YES;
				CLANG_WARN_CONSTANT_CONVERSION = YES;
				CLANG_WARN_DEPRECATED_OBJC_IMPLEMENTATIONS = YES;
				CLANG_WARN_DIRECT_OBJC_ISA_USAGE = YES_ERROR;
				CLANG_WARN_DOCUMENTATION_COMMENTS = YES;
				CLANG_WARN_EMPTY_BODY = YES;
				CLANG_WARN_ENUM_CONVERSION = YES;
				CLANG_WARN_INFINITE_RECURSION = YES;
				CLANG_WARN_INT_CONVERSION = YES;
				CLANG_WARN_NON_LITERAL_NULL_CONVERSION = YES;
				CLANG_WARN_OBJC_IMPLICIT_RETAIN_SELF = YES;
				CLANG_WARN_OBJC_LITERAL_CONVERSION = YES;
				CLANG_WARN_OBJC_ROOT_CLASS = YES_ERROR;
				CLANG_WARN_QUOTED_INCLUDE_IN_FRAMEWORK_HEADER = YES;
				CLANG_WARN_RANGE_LOOP_ANALYSIS = YES;
				CLANG_WARN_STRICT_PROTOTYPES = YES;
				CLANG_WARN_SUSPICIOUS_MOVE = YES;
				CLANG_WARN_UNGUARDED_AVAILABILITY = YES_AGGRESSIVE;
				CLANG_WARN_UNREACHABLE_CODE = YES;
				CLANG_WARN__DUPLICATE_METHOD_MATCH = YES;
				COPY_PHASE_STRIP = NO;
				DEBUG_INFORMATION_FORMAT = "dwarf-with-dsym";
				ENABLE_NS_ASSERTIONS = NO;
				ENABLE_STRICT_OBJC_MSGSEND = YES;
				GCC_C_LANGUAGE_STANDARD = gnu11;
				GCC_NO_COMMON_BLOCKS = YES;
				GCC_WARN_64_TO_32_BIT_CONVERSION = YES;
				GCC_WARN_ABOUT_RETURN_TYPE = YES_ERROR;
				GCC_WARN_UNDECLARED_SELECTOR = YES;
				GCC_WARN_UNINITIALIZED_AUTOS = YES_AGGRESSIVE;
				GCC_WARN_UNUSED_FUNCTION = YES;
				GCC_WARN_UNUSED_VARIABLE = YES;
				IPHONEOS_DEPLOYMENT_TARGET = 14.4;
				MTL_ENABLE_DEBUG_INFO = NO;
				MTL_FAST_MATH = YES;
				SDKROOT = iphoneos;
				SWIFT_COMPILATION_MODE = wholemodule;
				SWIFT_OPTIMIZATION_LEVEL = "-O";
				VALIDATE_PRODUCT = YES;
			};
			name = Release;
		};
		4DFB23CF2620C6E500D0A5B5 /* Debug */ = {
			isa = XCBuildConfiguration;
			baseConfigurationReference = CE6E228D79171408A9678A90 /* Pods-Podcast-Player.debug.xcconfig */;
			buildSettings = {
				ASSETCATALOG_COMPILER_APPICON_NAME = AppIcon;
				ASSETCATALOG_COMPILER_GLOBAL_ACCENT_COLOR_NAME = AccentColor;
				CODE_SIGN_STYLE = Automatic;
				DEVELOPMENT_TEAM = 5W9FB5T24W;
				INFOPLIST_FILE = "Podcast-Player/Info.plist";
				LD_RUNPATH_SEARCH_PATHS = (
					"$(inherited)",
					"@executable_path/Frameworks",
				);
				PRODUCT_BUNDLE_IDENTIFIER = com.sebtota.podcastPlayer;
				PRODUCT_NAME = "$(TARGET_NAME)";
				SWIFT_VERSION = 5.0;
				TARGETED_DEVICE_FAMILY = "1,2";
			};
			name = Debug;
		};
		4DFB23D02620C6E500D0A5B5 /* Release */ = {
			isa = XCBuildConfiguration;
			baseConfigurationReference = 14B91195ADE2F87C507D9A11 /* Pods-Podcast-Player.release.xcconfig */;
			buildSettings = {
				ASSETCATALOG_COMPILER_APPICON_NAME = AppIcon;
				ASSETCATALOG_COMPILER_GLOBAL_ACCENT_COLOR_NAME = AccentColor;
				CODE_SIGN_STYLE = Automatic;
				DEVELOPMENT_TEAM = 5W9FB5T24W;
				INFOPLIST_FILE = "Podcast-Player/Info.plist";
				LD_RUNPATH_SEARCH_PATHS = (
					"$(inherited)",
					"@executable_path/Frameworks",
				);
				PRODUCT_BUNDLE_IDENTIFIER = com.sebtota.podcastPlayer;
				PRODUCT_NAME = "$(TARGET_NAME)";
				SWIFT_VERSION = 5.0;
				TARGETED_DEVICE_FAMILY = "1,2";
			};
			name = Release;
		};
/* End XCBuildConfiguration section */

/* Begin XCConfigurationList section */
		4DFB23B52620C6DE00D0A5B5 /* Build configuration list for PBXProject "Podcast-Player" */ = {
			isa = XCConfigurationList;
			buildConfigurations = (
				4DFB23CC2620C6E500D0A5B5 /* Debug */,
				4DFB23CD2620C6E500D0A5B5 /* Release */,
			);
			defaultConfigurationIsVisible = 0;
			defaultConfigurationName = Release;
		};
		4DFB23CE2620C6E500D0A5B5 /* Build configuration list for PBXNativeTarget "Podcast-Player" */ = {
			isa = XCConfigurationList;
			buildConfigurations = (
				4DFB23CF2620C6E500D0A5B5 /* Debug */,
				4DFB23D02620C6E500D0A5B5 /* Release */,
			);
			defaultConfigurationIsVisible = 0;
			defaultConfigurationName = Release;
		};
/* End XCConfigurationList section */
	};
	rootObject = 4DFB23B22620C6DE00D0A5B5 /* Project object */;
}
